github.com/deatil/go-cryptobin v1.1.1015 h1:yYr73tVZMKL41SAxTZuJQTtedJMEyp5e/M/3iGzuVys=
github.com/deatil/go-cryptobin v1.1.1015/go.mod h1:VBJc1G04Ds5ru6WceKbuJbyQCpFfg+yYJzXTut41ro4=
github.com/deatil/go-jwt v1.0.30001 h1:0LAMWKZ+oKVZIUDqcqKIxGK7hvPfeO91IvFBW5njbSU=
github.com/deatil/go-jwt v1.0.30001/go.mod h1:JnRt5/6e8xj3emImICmVmPPy5LnhX3s5oNsex/9sqN8=
golang.org/x/crypto v0.53.0 h1:QZ4Muo8THX6CizN2vPPd5fBGHyogrdK9fG4wLPFUsto=
golang.org/x/crypto v0.53.0/go.mod h1:DNLU434OwVakk9PzuwV8w62mAJpRJL3vsgcfp4Qnsio=
golang.org/x/sys v0.46.0 h1:noSf2Fq6F8DBgS+LysIkx7rIExoNHJsxOAtPp4rthXw=
golang.org/x/sys v0.46.0/go.mod h1:4GL1E5IUh+htKOUEOaiffhrAeqysfVGipDYzABqnCmw=
